
Microsoft Visual Studio Solution File, Format Version 12.00
# Visual Studio Version 16
VisualStudioVersion = 16.0.31105.61
MinimumVisualStudioVersion = 10.0.40219.1
Project("{9A19103F-16F7-4668-BE54-9A1E7A4F7556}") = "UrlShortener", "UrlShortener.csproj", "{F105CBD9-2748-47E1-8727-9BAB945F0615}"
EndProject
Global
	GlobalSection(SolutionConfigurationPlatforms) = preSolution
		Debug|Any CPU = Debug|Any CPU
		Release|Any CPU = Release|Any CPU
	EndGlobalSection
	GlobalSection(ProjectConfigurationPlatforms) = postSolution
		{F105CBD9-2748-47E1-8727-9BAB945F0615}.Debug|Any CPU.ActiveCfg = Debug|Any CPU
		{F105CBD9-2748-47E1-8727-9BAB945F0615}.Debug|Any CPU.Build.0 = Debug|Any CPU
		{F105CBD9-2748-47E1-8727-9BAB945F0615}.Release|Any CPU.ActiveCfg = Release|Any CPU
		{F105CBD9-2748-47E1-8727-9BAB945F0615}.Release|Any CPU.Build.0 = Release|Any CPU
	EndGlobalSection
	GlobalSection(SolutionProperties) = preSolution
		HideSolutionNode = FALSE
	EndGlobalSection
	GlobalSection(ExtensibilityGlobals) = postSolution
		SolutionGuid = {1B17D9DE-A125-499A-9370-F129B73A308F}
	EndGlobalSection
EndGlobal
